
Microsoft Visual Studio Solution File, Format Version 12.00
# Visual Studio Version 16
VisualStudioVersion = 16.0.31019.35
MinimumVisualStudioVersion = 10.0.40219.1
Project("{FAE04EC0-301F-11D3-BF4B-00C04F79EFBC}") = "web_t2009e_1", "web_t2009e_1\web_t2009e_1.csproj", "{62DD0CDF-D7E5-46D0-8276-2A7C96AFD886}"
EndProject
Global
	GlobalSection(SolutionConfigurationPlatforms) = preSolution
		Debug|Any CPU = Debug|Any CPU
		Release|Any CPU = Release|Any CPU
	EndGlobalSection
	GlobalSection(ProjectConfigurationPlatforms) = postSolution
		{62DD0CDF-D7E5-46D0-8276-2A7C96AFD886}.Debug|Any CPU.ActiveCfg = Debug|Any CPU
		{62DD0CDF-D7E5-46D0-8276-2A7C96AFD886}.Debug|Any CPU.Build.0 = Debug|Any CPU
		{62DD0CDF-D7E5-46D0-8276-2A7C96AFD886}.Release|Any CPU.ActiveCfg = Release|Any CPU
		{62DD0CDF-D7E5-46D0-8276-2A7C96AFD886}.Release|Any CPU.Build.0 = Release|Any CPU
	EndGlobalSection
	GlobalSection(SolutionProperties) = preSolution
		HideSolutionNode = FALSE
	EndGlobalSection
	GlobalSection(ExtensibilityGlobals) = postSolution
		SolutionGuid = {7FBB13D3-5153-4234-8050-0DB7851D272B}
	EndGlobalSection
EndGlobal
